
Microsoft Visual Studio Solution File, Format Version 12.00
# Visual Studio Version 16
VisualStudioVersion = 16.0.31613.86
MinimumVisualStudioVersion = 10.0.40219.1
Project("{FAE04EC0-301F-11D3-BF4B-00C04F79EFBC}") = "ZagerOrderFixWorker", "ZagerOrderFixWorker.csproj", "{D2C1DDAD-1086-4644-A517-4754AC966989}"
EndProject
Global
	GlobalSection(SolutionConfigurationPlatforms) = preSolution
		Debug|Any CPU = Debug|Any CPU
		Release|Any CPU = Release|Any CPU
	EndGlobalSection
	GlobalSection(ProjectConfigurationPlatforms) = postSolution
		{D2C1DDAD-1086-4644-A517-4754AC966989}.Debug|Any CPU.ActiveCfg = Debug|Any CPU
		{D2C1DDAD-1086-4644-A517-4754AC966989}.Debug|Any CPU.Build.0 = Debug|Any CPU
		{D2C1DDAD-1086-4644-A517-4754AC966989}.Release|Any CPU.ActiveCfg = Release|Any CPU
		{D2C1DDAD-1086-4644-A517-4754AC966989}.Release|Any CPU.Build.0 = Release|Any CPU
	EndGlobalSection
	GlobalSection(SolutionProperties) = preSolution
		HideSolutionNode = FALSE
	EndGlobalSection
	GlobalSection(ExtensibilityGlobals) = postSolution
		SolutionGuid = {81891E59-217E-47C5-A26B-14309B8F7B36}
	EndGlobalSection
EndGlobal
